
Microsoft Visual Studio Solution File, Format Version 12.00
# Visual Studio Version 17
VisualStudioVersion = 17.5.002.0
MinimumVisualStudioVersion = 10.0.40219.1
Project("{9A19103F-16F7-4668-BE54-9A1E7A4F7556}") = "Контрольная работа", "Контрольная работа.csproj", "{A140C9AC-C095-42EB-A055-62603BD80C0B}"
EndProject
Global
	GlobalSection(SolutionConfigurationPlatforms) = preSolution
		Debug|Any CPU = Debug|Any CPU
		Release|Any CPU = Release|Any CPU
	EndGlobalSection
	GlobalSection(ProjectConfigurationPlatforms) = postSolution
		{A140C9AC-C095-42EB-A055-62603BD80C0B}.Debug|Any CPU.ActiveCfg = Debug|Any CPU
		{A140C9AC-C095-42EB-A055-62603BD80C0B}.Debug|Any CPU.Build.0 = Debug|Any CPU
		{A140C9AC-C095-42EB-A055-62603BD80C0B}.Release|Any CPU.ActiveCfg = Release|Any CPU
		{A140C9AC-C095-42EB-A055-62603BD80C0B}.Release|Any CPU.Build.0 = Release|Any CPU
	EndGlobalSection
	GlobalSection(SolutionProperties) = preSolution
		HideSolutionNode = FALSE
	EndGlobalSection
	GlobalSection(ExtensibilityGlobals) = postSolution
		SolutionGuid = {80011437-D78E-4442-94EB-15E77402F33C}
	EndGlobalSection
EndGlobal
